{
  "nodes": {
    "nixpkgs": {
      "locked": {
        "lastModified": 1744440957,
        "narHash": "sha256-FHlSkNqFmPxPJvy+6fNLaNeWnF1lZSgqVCl/eWaJRc4=",
        "owner": "NixOS",
        "repo": "nixpkgs",
        "rev": "26d499fc9f1d567283d5d56fcf367edd815dba1d",
        "type": "github"
      },
      "original": {
        "owner": "NixOS",
        "ref": "nixos-24.11",
        "repo": "nixpkgs",
        "type": "github"
      }
    },
    "nixpkgs-kubectl130-darwin": {
      "locked": {
        "lastModified": 1735022709,
        "narHash": "sha256-rPBX/B/kLG3jM7MQvdkWQ24jPxM+Yr0aHUM7G2vMeS4=",
        "owner": "NixOS",
        "repo": "nixpkgs",
        "rev": "cca4f8e59e9479ced4f02f33530be367220d5826",
        "type": "github"
      },
      "original": {
        "owner": "NixOS",
        "repo": "nixpkgs",
        "rev": "cca4f8e59e9479ced4f02f33530be367220d5826",
        "type": "github"
      }
    },
    "nixpkgs-kubectl130-linux": {
      "locked": {
        "lastModified": 1735021538,
        "narHash": "sha256-JpbXCLrmjhmsy9qkYkq5Pr3U5aZVuXjQGUnv5tAyMZs=",
        "owner": "NixOS",
        "repo": "nixpkgs",
        "rev": "6eb01a67e1fc558644daed33eaeb937145e17696",
        "type": "github"
      },
      "original": {
        "owner": "NixOS",
        "repo": "nixpkgs",
        "rev": "6eb01a67e1fc558644daed33eaeb937145e17696",
        "type": "github"
      }
    },
    "nixpkgs-poetry171": {
      "locked": {
        "lastModified": 1707949678,
        "narHash": "sha256-0uAexTw59D0ZMKV++O94EtXm3b1ugXV8zJ//59m9An0=",
        "owner": "NixOS",
        "repo": "nixpkgs",
        "rev": "087f43a1fa052b17efd441001c4581813c34bc19",
        "type": "github"
      },
      "original": {
        "owner": "NixOS",
        "repo": "nixpkgs",
        "rev": "087f43a1fa052b17efd441001c4581813c34bc19",
        "type": "github"
      }
    },
    "root": {
      "inputs": {
        "nixpkgs": "nixpkgs",
        "nixpkgs-kubectl130-darwin": "nixpkgs-kubectl130-darwin",
        "nixpkgs-kubectl130-linux": "nixpkgs-kubectl130-linux",
        "nixpkgs-poetry171": "nixpkgs-poetry171"
      }
    }
  },
  "root": "root",
  "version": 7
}
