{
  "nodes": {
    "nixpkgs": {
      "locked": {
        "lastModified": 1788865024,
        "narHash": "sha256-3YkAzvtt4LoE11IcBDzPshIF3fJ0aIoILqE7dAg8CLI=",
        "owner": "NixOS",
        "repo": "nixpkgs",
        "rev": "422d1ae605d7fcd9896412b37dc065c456c0eefb",
        "type": "github"
      },
      "original": {
        "owner": "NixOS",
        "ref": "nixpkgs-unstable",
        "repo": "nixpkgs",
        "type": "github"
      }
    },
    "nixpkgs-kubectl135": {
      "locked": {
        "lastModified": 1776318428,
        "narHash": "sha256-3jh39UtUVapHc4EUJ2q16YpP6dVacnJGuq7jNJPmySY=",
        "owner": "NixOS",
        "repo": "nixpkgs",
        "rev": "917a7562e399cbb394fc2cdffc277ccaf84a02f4",
        "type": "github"
      },
      "original": {
        "owner": "NixOS",
        "repo": "nixpkgs",
        "rev": "917a7562e399cbb394fc2cdffc277ccaf84a02f4",
        "type": "github"
      }
    },
    "nixpkgs-poetry171": {
      "locked": {
        "lastModified": 1707949678,
        "narHash": "sha256-0uAexTw59D0ZMKV++O94EtXm3b1ugXV8zJ//59m9An0=",
        "owner": "NixOS",
        "repo": "nixpkgs",
        "rev": "087f43a1fa052b17efd441001c4581813c34bc19",
        "type": "github"
      },
      "original": {
        "owner": "NixOS",
        "repo": "nixpkgs",
        "rev": "087f43a1fa052b17efd441001c4581813c34bc19",
        "type": "github"
      }
    },
    "nixpkgs-sphinx747": {
      "locked": {
        "lastModified": 1751048012,
        "narHash": "sha256-MYbotu4UjWpTsq01wglhN5xDRfZYLFtNk7SBY0BcjkU=",
        "owner": "NixOS",
        "repo": "nixpkgs",
        "rev": "a684c58d46ebbede49f280b653b9e56100aa3877",
        "type": "github"
      },
      "original": {
        "owner": "NixOS",
        "repo": "nixpkgs",
        "rev": "a684c58d46ebbede49f280b653b9e56100aa3877",
        "type": "github"
      }
    },
    "nixpkgs-stable": {
      "locked": {
        "lastModified": 1788807765,
        "narHash": "sha256-J9oC0bKnkXUrMegqRTXVkyDFJ0gn2U/Qpoo9HgGMQmA=",
        "owner": "NixOS",
        "repo": "nixpkgs",
        "rev": "93108a538f079596c9a16c72cf03e9322782b6dd",
        "type": "github"
      },
      "original": {
        "owner": "NixOS",
        "ref": "nixos-26.05",
        "repo": "nixpkgs",
        "type": "github"
      }
    },
    "root": {
      "inputs": {
        "nixpkgs": "nixpkgs",
        "nixpkgs-kubectl135": "nixpkgs-kubectl135",
        "nixpkgs-poetry171": "nixpkgs-poetry171",
        "nixpkgs-sphinx747": "nixpkgs-sphinx747",
        "nixpkgs-stable": "nixpkgs-stable"
      }
    }
  },
  "root": "root",
  "version": 7
}
